
Microsoft Visual Studio Solution File, Format Version 12.00
# Visual Studio Version 16
VisualStudioVersion = 16.0.35931.194
MinimumVisualStudioVersion = 10.0.40219.1
Project("{8BC9CEB8-8B4A-11D0-8D11-00A0C91BC942}") = "windowP", "windowP\windowP.vcxproj", "{72F4D635-50C7-4362-9CCF-6B6F78C3AC27}"
EndProject
Project("{8BC9CEB8-8B4A-11D0-8D11-00A0C91BC942}") = "W05", "W05\W05.vcxproj", "{623EEEFF-4784-4548-A765-B73848F5CD50}"
EndProject
Project("{8BC9CEB8-8B4A-11D0-8D11-00A0C91BC942}") = "lecture10", "lecture10\lecture10.vcxproj", "{A638964C-069B-483B-ADC3-48B975FF8F70}"
EndProject
Project("{8BC9CEB8-8B4A-11D0-8D11-00A0C91BC942}") = "lecture11", "lecture11\lecture11.vcxproj", "{A6B50526-71FB-4963-BE2C-8C9BC366E25F}"
EndProject
Global
	GlobalSection(SolutionConfigurationPlatforms) = preSolution
		Debug|x64 = Debug|x64
		Debug|x86 = Debug|x86
		Release|x64 = Release|x64
		Release|x86 = Release|x86
	EndGlobalSection
	GlobalSection(ProjectConfigurationPlatforms) = postSolution
		{72F4D635-50C7-4362-9CCF-6B6F78C3AC27}.Debug|x64.ActiveCfg = Debug|x64
		{72F4D635-50C7-4362-9CCF-6B6F78C3AC27}.Debug|x64.Build.0 = Debug|x64
		{72F4D635-50C7-4362-9CCF-6B6F78C3AC27}.Debug|x86.ActiveCfg = Debug|Win32
		{72F4D635-50C7-4362-9CCF-6B6F78C3AC27}.Debug|x86.Build.0 = Debug|Win32
		{72F4D635-50C7-4362-9CCF-6B6F78C3AC27}.Release|x64.ActiveCfg = Release|x64
		{72F4D635-50C7-4362-9CCF-6B6F78C3AC27}.Release|x64.Build.0 = Release|x64
		{72F4D635-50C7-4362-9CCF-6B6F78C3AC27}.Release|x86.ActiveCfg = Release|Win32
		{72F4D635-50C7-4362-9CCF-6B6F78C3AC27}.Release|x86.Build.0 = Release|Win32
		{623EEEFF-4784-4548-A765-B73848F5CD50}.Debug|x64.ActiveCfg = Debug|x64
		{623EEEFF-4784-4548-A765-B73848F5CD50}.Debug|x64.Build.0 = Debug|x64
		{623EEEFF-4784-4548-A765-B73848F5CD50}.Debug|x86.ActiveCfg = Debug|Win32
		{623EEEFF-4784-4548-A765-B73848F5CD50}.Debug|x86.Build.0 = Debug|Win32
		{623EEEFF-4784-4548-A765-B73848F5CD50}.Release|x64.ActiveCfg = Release|x64
		{623EEEFF-4784-4548-A765-B73848F5CD50}.Release|x64.Build.0 = Release|x64
		{623EEEFF-4784-4548-A765-B73848F5CD50}.Release|x86.ActiveCfg = Release|Win32
		{623EEEFF-4784-4548-A765-B73848F5CD50}.Release|x86.Build.0 = Release|Win32
		{A638964C-069B-483B-ADC3-48B975FF8F70}.Debug|x64.ActiveCfg = Debug|x64
		{A638964C-069B-483B-ADC3-48B975FF8F70}.Debug|x64.Build.0 = Debug|x64
		{A638964C-069B-483B-ADC3-48B975FF8F70}.Debug|x86.ActiveCfg = Debug|Win32
		{A638964C-069B-483B-ADC3-48B975FF8F70}.Debug|x86.Build.0 = Debug|Win32
		{A638964C-069B-483B-ADC3-48B975FF8F70}.Release|x64.ActiveCfg = Release|x64
		{A638964C-069B-483B-ADC3-48B975FF8F70}.Release|x64.Build.0 = Release|x64
		{A638964C-069B-483B-ADC3-48B975FF8F70}.Release|x86.ActiveCfg = Release|Win32
		{A638964C-069B-483B-ADC3-48B975FF8F70}.Release|x86.Build.0 = Release|Win32
		{A6B50526-71FB-4963-BE2C-8C9BC366E25F}.Debug|x64.ActiveCfg = Debug|x64
		{A6B50526-71FB-4963-BE2C-8C9BC366E25F}.Debug|x64.Build.0 = Debug|x64
		{A6B50526-71FB-4963-BE2C-8C9BC366E25F}.Debug|x86.ActiveCfg = Debug|Win32
		{A6B50526-71FB-4963-BE2C-8C9BC366E25F}.Debug|x86.Build.0 = Debug|Win32
		{A6B50526-71FB-4963-BE2C-8C9BC366E25F}.Release|x64.ActiveCfg = Release|x64
		{A6B50526-71FB-4963-BE2C-8C9BC366E25F}.Release|x64.Build.0 = Release|x64
		{A6B50526-71FB-4963-BE2C-8C9BC366E25F}.Release|x86.ActiveCfg = Release|Win32
		{A6B50526-71FB-4963-BE2C-8C9BC366E25F}.Release|x86.Build.0 = Release|Win32
	EndGlobalSection
	GlobalSection(SolutionProperties) = preSolution
		HideSolutionNode = FALSE
	EndGlobalSection
	GlobalSection(ExtensibilityGlobals) = postSolution
		SolutionGuid = {D06707DA-115A-4DDC-946D-90C759389750}
	EndGlobalSection
EndGlobal
